PODS:
  - CocoaAsyncSocket (7.6.5)
  - SocketRocket (0.7.1)

DEPENDENCIES:
  - CocoaAsyncSocket
  - SocketRocket

SPEC REPOS:
  https://mirrors.tuna.tsinghua.edu.cn/git/CocoaPods/Specs.git:
    - CocoaAsyncSocket
    - SocketRocket

SPEC CHECKSUMS:
  CocoaAsyncSocket: 065fd1e645c7abab64f7a6a2007a48038fdc6a99
  SocketRocket: d4aabe649be1e368d1318fdf28a022d714d65748

PODFILE CHECKSUM: 769147c26d3ecfeced13071cf99625f00294c34a

COCOAPODS: 1.16.2
